{
  "version": 4,
  "terraform_version": "1.11.0",
  "serial": 56,
  "lineage": "8ad811c6-e3a0-eb71-0c44-b892010cd8ec",
  "outputs": {
    "eip": {
      "value": "52.1.99.200",
      "type": "string"
    }
  },
  "resources": [
    {
      "mode": "data",
      "type": "aws_ami",
      "name": "latest_amazon_linux",
      "provider": "provider[\"registry.terraform.io/hashicorp/aws\"]",
      "instances": [
        {
          "schema_version": 0,
          "attributes": {
            "architecture": "x86_64",
            "arn": "arn:aws:ec2:us-east-1::image/ami-0ace34e9f53c91c5d",
            "block_device_mappings": [
              {
                "device_name": "/dev/xvda",
                "ebs": {
                  "delete_on_termination": "true",
                  "encrypted": "false",
                  "iops": "0",
                  "snapshot_id": "snap-0bf568edc120fa91f",
                  "throughput": "0",
                  "volume_size": "8",
                  "volume_type": "gp2"
                },
                "no_device": "",
                "virtual_name": ""
              }
            ],
            "creation_date": "2025-02-20T22:38:11.000Z",
            "description": "Amazon Linux 2 AMI 2.0.20250220.0 x86_64 HVM gp2",
            "ena_support": true,
            "executable_users": null,
            "filter": [
              {
                "name": "name",
                "values": [
                  "amzn2-ami-hvm-*-x86_64-gp2"
                ]
              }
            ],
            "hypervisor": "xen",
            "id": "ami-0ace34e9f53c91c5d",
            "image_id": "ami-0ace34e9f53c91c5d",
            "image_location": "amazon/amzn2-ami-hvm-2.0.20250220.0-x86_64-gp2",
            "image_owner_alias": "amazon",
            "image_type": "machine",
            "kernel_id": null,
            "most_recent": true,
            "name": "amzn2-ami-hvm-2.0.20250220.0-x86_64-gp2",
            "name_regex": null,
            "owner_id": "137112412989",
            "owners": [
              "amazon"
            ],
            "platform": null,
            "platform_details": "Linux/UNIX",
            "product_codes": [],
            "public": true,
            "ramdisk_id": null,
            "root_device_name": "/dev/xvda",
            "root_device_type": "ebs",
            "root_snapshot_id": "snap-0bf568edc120fa91f",
            "sriov_net_support": "simple",
            "state": "available",
            "state_reason": {
              "code": "UNSET",
              "message": "UNSET"
            },
            "tags": {},
            "usage_operation": "RunInstances",
            "virtualization_type": "hvm"
          },
          "sensitive_attributes": []
        }
      ]
    },
    {
      "mode": "data",
      "type": "aws_availability_zones",
      "name": "available",
      "provider": "provider[\"registry.terraform.io/hashicorp/aws\"]",
      "instances": [
        {
          "schema_version": 0,
          "attributes": {
            "all_availability_zones": null,
            "exclude_names": null,
            "exclude_zone_ids": null,
            "filter": null,
            "group_names": [
              "us-east-1-zg-1"
            ],
            "id": "us-east-1",
            "names": [
              "us-east-1a",
              "us-east-1b",
              "us-east-1c",
              "us-east-1d",
              "us-east-1e",
              "us-east-1f"
            ],
            "state": "available",
            "zone_ids": [
              "use1-az6",
              "use1-az1",
              "use1-az2",
              "use1-az4",
              "use1-az3",
              "use1-az5"
            ]
          },
          "sensitive_attributes": []
        }
      ]
    },
    {
      "mode": "data",
      "type": "aws_vpc",
      "name": "default",
      "provider": "provider[\"registry.terraform.io/hashicorp/aws\"]",
      "instances": [
        {
          "schema_version": 0,
          "attributes": {
            "arn": "arn:aws:ec2:us-east-1:436894295513:vpc/vpc-023e823d17832bd00",
            "cidr_block": "172.31.0.0/16",
            "cidr_block_associations": [
              {
                "association_id": "vpc-cidr-assoc-01f98ce511943e649",
                "cidr_block": "172.31.0.0/16",
                "state": "associated"
              }
            ],
            "default": true,
            "dhcp_options_id": "dopt-0322ef8326baeb6d9",
            "enable_dns_hostnames": true,
            "enable_dns_support": true,
            "filter": null,
            "id": "vpc-023e823d17832bd00",
            "instance_tenancy": "default",
            "ipv6_association_id": "",
            "ipv6_cidr_block": "",
            "main_route_table_id": "rtb-0ac1f4cf3582d26d2",
            "owner_id": "436894295513",
            "state": null,
            "tags": {}
          },
          "sensitive_attributes": []
        }
      ]
    },
    {
      "mode": "managed",
      "type": "aws_eip",
      "name": "static_eip",
      "provider": "provider[\"registry.terraform.io/hashicorp/aws\"]",
      "instances": [
        {
          "schema_version": 0,
          "attributes": {
            "address": null,
            "allocation_id": "eipalloc-0064faa4452ff2942",
            "associate_with_private_ip": null,
            "association_id": "eipassoc-060ffcf90ea3ad4a8",
            "carrier_ip": "",
            "customer_owned_ip": "",
            "customer_owned_ipv4_pool": "",
            "domain": "vpc",
            "id": "eipalloc-0064faa4452ff2942",
            "instance": "i-0ccf1482f397445e1",
            "network_border_group": "us-east-1",
            "network_interface": "eni-04b9cc3f5f71612f8",
            "private_dns": "ip-172-31-42-132.ec2.internal",
            "private_ip": "172.31.42.132",
            "public_dns": "ec2-52-1-99-200.compute-1.amazonaws.com",
            "public_ip": "52.1.99.200",
            "public_ipv4_pool": "amazon",
            "tags": {
              "App": "Web",
              "Name": "vidhi-prod-eip",
              "Owner": "Dockerintro",
              "Project": "CLO835",
              "env": "prod"
            },
            "tags_all": {
              "App": "Web",
              "Name": "vidhi-prod-eip",
              "Owner": "Dockerintro",
              "Project": "CLO835",
              "env": "prod"
            },
            "timeouts": null,
            "vpc": true
          },
          "sensitive_attributes": [],
          "private": "eyJlMmJmYjczMC1lY2FhLTExZTYtOGY4OC0zNDM2M2JjN2M0YzAiOnsiZGVsZXRlIjoxODAwMDAwMDAwMDAsInJlYWQiOjkwMDAwMDAwMDAwMCwidXBkYXRlIjozMDAwMDAwMDAwMDB9fQ==",
          "dependencies": [
            "aws_instance.my_amazon",
            "aws_key_pair.my_key",
            "aws_security_group.my_sg",
            "data.aws_ami.latest_amazon_linux",
            "data.aws_vpc.default"
          ]
        }
      ]
    },
    {
      "mode": "managed",
      "type": "aws_instance",
      "name": "my_amazon",
      "provider": "provider[\"registry.terraform.io/hashicorp/aws\"]",
      "instances": [
        {
          "schema_version": 1,
          "attributes": {
            "ami": "ami-0ace34e9f53c91c5d",
            "arn": "arn:aws:ec2:us-east-1:436894295513:instance/i-0ccf1482f397445e1",
            "associate_public_ip_address": true,
            "availability_zone": "us-east-1a",
            "capacity_reservation_specification": [
              {
                "capacity_reservation_preference": "open",
                "capacity_reservation_target": []
              }
            ],
            "cpu_core_count": 1,
            "cpu_threads_per_core": 2,
            "credit_specification": [
              {
                "cpu_credits": "unlimited"
              }
            ],
            "disable_api_termination": false,
            "ebs_block_device": [],
            "ebs_optimized": false,
            "enclave_options": [
              {
                "enabled": false
              }
            ],
            "ephemeral_block_device": [],
            "get_password_data": false,
            "hibernation": false,
            "host_id": null,
            "iam_instance_profile": "LabInstanceProfile",
            "id": "i-0ccf1482f397445e1",
            "instance_initiated_shutdown_behavior": "stop",
            "instance_state": "running",
            "instance_type": "t3.medium",
            "ipv6_address_count": 0,
            "ipv6_addresses": [],
            "key_name": "vidhi-prod",
            "launch_template": [],
            "metadata_options": [
              {
                "http_endpoint": "enabled",
                "http_put_response_hop_limit": 1,
                "http_tokens": "optional",
                "instance_metadata_tags": "disabled"
              }
            ],
            "monitoring": false,
            "network_interface": [],
            "outpost_arn": "",
            "password_data": "",
            "placement_group": "",
            "placement_partition_number": null,
            "primary_network_interface_id": "eni-04b9cc3f5f71612f8",
            "private_dns": "ip-172-31-42-132.ec2.internal",
            "private_ip": "172.31.42.132",
            "public_dns": "ec2-107-23-204-103.compute-1.amazonaws.com",
            "public_ip": "107.23.204.103",
            "root_block_device": [
              {
                "delete_on_termination": true,
                "device_name": "/dev/xvda",
                "encrypted": false,
                "iops": 100,
                "kms_key_id": "",
                "tags": {},
                "throughput": 0,
                "volume_id": "vol-011e7eb8334270bb2",
                "volume_size": 8,
                "volume_type": "gp2"
              }
            ],
            "secondary_private_ips": [],
            "security_groups": [
              "allow_ssh_terraform"
            ],
            "source_dest_check": true,
            "subnet_id": "subnet-06d1f02695b056367",
            "tags": {
              "App": "Web",
              "Name": "vidhi-prod-Amazon-Linux",
              "Owner": "Dockerintro",
              "Project": "CLO835",
              "env": "prod"
            },
            "tags_all": {
              "App": "Web",
              "Name": "vidhi-prod-Amazon-Linux",
              "Owner": "Dockerintro",
              "Project": "CLO835",
              "env": "prod"
            },
            "tenancy": "default",
            "timeouts": null,
            "user_data": "5b17665581a502189cfb48c2c26a35c00ca7f1ff",
            "user_data_base64": null,
            "volume_tags": null,
            "vpc_security_group_ids": [
              "sg-06c55af5445ef01e4"
            ]
          },
          "sensitive_attributes": [],
          "private": "eyJlMmJmYjczMC1lY2FhLTExZTYtOGY4OC0zNDM2M2JjN2M0YzAiOnsiY3JlYXRlIjo2MDAwMDAwMDAwMDAsImRlbGV0ZSI6MTIwMDAwMDAwMDAwMCwidXBkYXRlIjo2MDAwMDAwMDAwMDB9LCJzY2hlbWFfdmVyc2lvbiI6IjEifQ==",
          "dependencies": [
            "aws_key_pair.my_key",
            "aws_security_group.my_sg",
            "data.aws_ami.latest_amazon_linux",
            "data.aws_vpc.default"
          ],
          "create_before_destroy": true
        }
      ]
    },
    {
      "mode": "managed",
      "type": "aws_key_pair",
      "name": "my_key",
      "provider": "provider[\"registry.terraform.io/hashicorp/aws\"]",
      "instances": [
        {
          "schema_version": 1,
          "attributes": {
            "arn": "arn:aws:ec2:us-east-1:436894295513:key-pair/vidhi-prod",
            "fingerprint": "e1:e6:22:28:ab:f0:b0:48:83:38:3b:7a:e3:84:00:78",
            "id": "vidhi-prod",
            "key_name": "vidhi-prod",
            "key_name_prefix": "",
            "key_pair_id": "key-0123ece8d15310f52",
            "public_key": "ssh-rsa AAAAB3NzaC1yc2EAAAADAQABAAABgQC3SCAgOEvk/fQjgiGS7Ft0lyrOnG0c++jD8Et8e9DX9H3dLsbltXy4NPyc6TVHeCeNSkUUxMcuP0IU8E9nI2r8VY1vPMbo3gRU9NotLT+poAXPqdvpopm24RBK3KdeviuD1O9MZEpwfFw32aPIDEphSD6luE/TYXJsbUOMrsL8Wi/OgFRHmUKjsg2GZ1y4g5LeZ0UtJRzehvn6DTNHH63HmZfT4sC90PN5vrrjmNsf3a52rjMfxRTnTA8OpVpvp4pXvk0mAAxtpdjtEGL/VCpsGRkD4l5EVlcyNIM77e7vsRLIqeLC9kzuboczNaTrAsvr81aqvs5Fuw16DTA88vNOL65oq4PP0P91fcFoyJJZVsok3aBYdroVX64ZII+485kycDHR4amVnwg8G0ak8rAAYH0P/askB5L3iSIEAnY0L7CW99D+qE+cWiWsEhzoXDE8lJFUqDPyNsj2zPxtb/X5t9HPLLbkwX08+n5G0e8jKls3Bho0AvcmvrKkvwBEz6s= ec2-user@ip-172-31-17-169.ec2.internal",
            "tags": null,
            "tags_all": {}
          },
          "sensitive_attributes": [],
          "private": "eyJzY2hlbWFfdmVyc2lvbiI6IjEifQ==",
          "create_before_destroy": true
        }
      ]
    },
    {
      "mode": "managed",
      "type": "aws_security_group",
      "name": "my_sg",
      "provider": "provider[\"registry.terraform.io/hashicorp/aws\"]",
      "instances": [
        {
          "schema_version": 1,
          "attributes": {
            "arn": "arn:aws:ec2:us-east-1:436894295513:security-group/sg-06c55af5445ef01e4",
            "description": "Allow SSH inbound traffic",
            "egress": [
              {
                "cidr_blocks": [
                  "0.0.0.0/0"
                ],
                "description": "",
                "from_port": 0,
                "ipv6_cidr_blocks": [
                  "::/0"
                ],
                "prefix_list_ids": [],
                "protocol": "-1",
                "security_groups": [],
                "self": false,
                "to_port": 0
              }
            ],
            "id": "sg-06c55af5445ef01e4",
            "ingress": [
              {
                "cidr_blocks": [
                  "0.0.0.0/0"
                ],
                "description": "Custom TCP",
                "from_port": 8081,
                "ipv6_cidr_blocks": [],
                "prefix_list_ids": [],
                "protocol": "tcp",
                "security_groups": [],
                "self": false,
                "to_port": 8083
              },
              {
                "cidr_blocks": [
                  "0.0.0.0/0"
                ],
                "description": "SSH from everywhere",
                "from_port": 22,
                "ipv6_cidr_blocks": [
                  "::/0"
                ],
                "prefix_list_ids": [],
                "protocol": "tcp",
                "security_groups": [],
                "self": false,
                "to_port": 22
              }
            ],
            "name": "allow_ssh_terraform",
            "name_prefix": "",
            "owner_id": "436894295513",
            "revoke_rules_on_delete": false,
            "tags": {
              "App": "Web",
              "Name": "vidhi-prod-sg",
              "Owner": "Dockerintro",
              "Project": "CLO835",
              "env": "prod"
            },
            "tags_all": {
              "App": "Web",
              "Name": "vidhi-prod-sg",
              "Owner": "Dockerintro",
              "Project": "CLO835",
              "env": "prod"
            },
            "timeouts": null,
            "vpc_id": "vpc-023e823d17832bd00"
          },
          "sensitive_attributes": [],
          "private": "eyJlMmJmYjczMC1lY2FhLTExZTYtOGY4OC0zNDM2M2JjN2M0YzAiOnsiY3JlYXRlIjo2MDAwMDAwMDAwMDAsImRlbGV0ZSI6OTAwMDAwMDAwMDAwfSwic2NoZW1hX3ZlcnNpb24iOiIxIn0=",
          "dependencies": [
            "data.aws_vpc.default"
          ],
          "create_before_destroy": true
        }
      ]
    }
  ],
  "check_results": null
}
